
Microsoft Visual Studio Solution File, Format Version 12.00
# Visual Studio 15
VisualStudioVersion = 15.0.28010.2016
MinimumVisualStudioVersion = 10.0.40219.1
Project("{2150E333-8FDC-42A3-9474-1A3956D46DE8}") = "global", "global", "{7A713B24-0DAB-4E27-8CF9-6694841DE284}"
	ProjectSection(SolutionItems) = preProject
		.editorconfig = .editorconfig
		.gitignore = .gitignore
	EndProjectSection
EndProject
Project("{2150E333-8FDC-42A3-9474-1A3956D46DE8}") = "src", "src", "{9FD4E72C-07EE-4C19-8D73-70642A4EB917}"
EndProject
Project("{9A19103F-16F7-4668-BE54-9A1E7A4F7556}") = "WebApp", "src\WebApp\WebApp.csproj", "{67BE742D-C9F4-4B0D-8081-BA5FA0C3F36C}"
EndProject
Global
	GlobalSection(SolutionConfigurationPlatforms) = preSolution
		Debug|Any CPU = Debug|Any CPU
		Release|Any CPU = Release|Any CPU
	EndGlobalSection
	GlobalSection(ProjectConfigurationPlatforms) = postSolution
		{67BE742D-C9F4-4B0D-8081-BA5FA0C3F36C}.Debug|Any CPU.ActiveCfg = Debug|Any CPU
		{67BE742D-C9F4-4B0D-8081-BA5FA0C3F36C}.Debug|Any CPU.Build.0 = Debug|Any CPU
		{67BE742D-C9F4-4B0D-8081-BA5FA0C3F36C}.Release|Any CPU.ActiveCfg = Release|Any CPU
		{67BE742D-C9F4-4B0D-8081-BA5FA0C3F36C}.Release|Any CPU.Build.0 = Release|Any CPU
	EndGlobalSection
	GlobalSection(SolutionProperties) = preSolution
		HideSolutionNode = FALSE
	EndGlobalSection
	GlobalSection(NestedProjects) = preSolution
		{67BE742D-C9F4-4B0D-8081-BA5FA0C3F36C} = {9FD4E72C-07EE-4C19-8D73-70642A4EB917}
	EndGlobalSection
	GlobalSection(ExtensibilityGlobals) = postSolution
		SolutionGuid = {502D8936-F3CF-4032-A543-2A6CED973BD8}
	EndGlobalSection
EndGlobal
